// !$*UTF8*$!
{
	archiveVersion = 1;
	classes = {
	};
	objectVersion = 52;
	objects = {

/* Begin PBXBuildFile section */
		AC15EB4325DB1DF1001BAB19 /* LocaleExtensions.swift in Sources */ = {isa = PBXBuildFile; fileRef = AC15EB4225DB1DF1001BAB19 /* LocaleExtensions.swift */; };
		AC24108E25A3BA14006CD5F0 /* Log.swift in Sources */ = {isa = PBXBuildFile; fileRef = AC24108D25A3BA14006CD5F0 /* Log.swift */; };
		AC24109225A3BA4E006CD5F0 /* UIColorExtensions.swift in Sources */ = {isa = PBXBuildFile; fileRef = AC24109125A3BA4E006CD5F0 /* UIColorExtensions.swift */; };
		AC24109525A3BA5E006CD5F0 /* UIResponderExtensions.swift in Sources */ = {isa = PBXBuildFile; fileRef = AC24109425A3BA5E006CD5F0 /* UIResponderExtensions.swift */; };
		AC24109825A3BA8A006CD5F0 /* UIViewControllerExtensions.swift in Sources */ = {isa = PBXBuildFile; fileRef = AC24109725A3BA8A006CD5F0 /* UIViewControllerExtensions.swift */; };
		AC24109B25A3BAA1006CD5F0 /* UIViewExtensions.swift in Sources */ = {isa = PBXBuildFile; fileRef = AC24109A25A3BAA1006CD5F0 /* UIViewExtensions.swift */; };
		AC2410A025A3BAD4006CD5F0 /* LoadingViewController.swift in Sources */ = {isa = PBXBuildFile; fileRef = AC24109F25A3BAD4006CD5F0 /* LoadingViewController.swift */; };
		AC2410A625A3BB46006CD5F0 /* UIStoryboardExtensions.swift in Sources */ = {isa = PBXBuildFile; fileRef = AC2410A525A3BB46006CD5F0 /* UIStoryboardExtensions.swift */; };
		AC2410A925A3BB7E006CD5F0 /* UIApplicationExtensions.swift in Sources */ = {isa = PBXBuildFile; fileRef = AC2410A825A3BB7E006CD5F0 /* UIApplicationExtensions.swift */; };
		AC2410AC25A3BBAE006CD5F0 /* UITableViewExtensions.swift in Sources */ = {isa = PBXBuildFile; fileRef = AC2410AB25A3BBAE006CD5F0 /* UITableViewExtensions.swift */; };
		AC2410AF25A3BBCC006CD5F0 /* UserDefaultsExtensions.swift in Sources */ = {isa = PBXBuildFile; fileRef = AC2410AE25A3BBCC006CD5F0 /* UserDefaultsExtensions.swift */; };
		AC2410B425A3BE81006CD5F0 /* Localizable.swift in Sources */ = {isa = PBXBuildFile; fileRef = AC2410B325A3BE81006CD5F0 /* Localizable.swift */; };
		AC2410B725A3BE9D006CD5F0 /* StringExtensions.swift in Sources */ = {isa = PBXBuildFile; fileRef = AC2410B625A3BE9D006CD5F0 /* StringExtensions.swift */; };
		AC2410BA25A3BEC2006CD5F0 /* BaseError.swift in Sources */ = {isa = PBXBuildFile; fileRef = AC2410B925A3BEC2006CD5F0 /* BaseError.swift */; };
		AC2410BD25A3BF08006CD5F0 /* Constants.swift in Sources */ = {isa = PBXBuildFile; fileRef = AC2410BC25A3BF08006CD5F0 /* Constants.swift */; };
		AC2410C025A3BF0F006CD5F0 /* Texts.swift in Sources */ = {isa = PBXBuildFile; fileRef = AC2410BF25A3BF0F006CD5F0 /* Texts.swift */; };
		AC2410C325A3BF2E006CD5F0 /* Theme.swift in Sources */ = {isa = PBXBuildFile; fileRef = AC2410C225A3BF2E006CD5F0 /* Theme.swift */; };
		AC2410C625A3C100006CD5F0 /* Localizable.strings in Resources */ = {isa = PBXBuildFile; fileRef = AC2410C525A3C100006CD5F0 /* Localizable.strings */; };
		AC4DFF4F25A1538600E66E9D /* WIGLocationEventHandler.swift in Sources */ = {isa = PBXBuildFile; fileRef = AC4DFF4D25A1538500E66E9D /* WIGLocationEventHandler.swift */; };
		AC4DFF5025A1538600E66E9D /* WIGUIEventHandler.swift in Sources */ = {isa = PBXBuildFile; fileRef = AC4DFF4E25A1538600E66E9D /* WIGUIEventHandler.swift */; };
		AC74CB0D25BB9C8C00BA5877 /* CartridgeDetailsViewController.swift in Sources */ = {isa = PBXBuildFile; fileRef = AC74CB0C25BB9C8C00BA5877 /* CartridgeDetailsViewController.swift */; };
		AC74CB1125BB9C9600BA5877 /* CartridgeDetails.storyboard in Resources */ = {isa = PBXBuildFile; fileRef = AC74CB1025BB9C9600BA5877 /* CartridgeDetails.storyboard */; };
		AC74CB1725BB9F9000BA5877 /* CartridgeGame.storyboard in Resources */ = {isa = PBXBuildFile; fileRef = AC74CB1625BB9F9000BA5877 /* CartridgeGame.storyboard */; };
		AC74CB1A25BB9FA200BA5877 /* CartridgeGameViewController.swift in Sources */ = {isa = PBXBuildFile; fileRef = AC74CB1925BB9FA200BA5877 /* CartridgeGameViewController.swift */; };
		AC74CB1D25BBA24E00BA5877 /* CartridgeDetailsDisplayItem.swift in Sources */ = {isa = PBXBuildFile; fileRef = AC74CB1C25BBA24E00BA5877 /* CartridgeDetailsDisplayItem.swift */; };
		AC74CB2025BD130900BA5877 /* UIImageViewExtensions.swift in Sources */ = {isa = PBXBuildFile; fileRef = AC74CB1F25BD130900BA5877 /* UIImageViewExtensions.swift */; };
		AC77E6EF25C7496D00BDF6E0 /* WIGCartridgeFileExtensions.swift in Sources */ = {isa = PBXBuildFile; fileRef = AC77E6EE25C7496D00BDF6E0 /* WIGCartridgeFileExtensions.swift */; };
		ACAE1F6F25A14AB900606EB6 /* TypeAlias.swift in Sources */ = {isa = PBXBuildFile; fileRef = ACAE1F6E25A14AB900606EB6 /* TypeAlias.swift */; };
		ACAE1FA725A14AC300606EB6 /* WSeekableFile.java in Sources */ = {isa = PBXBuildFile; fileRef = ACAE1F7525A14AC200606EB6 /* WSeekableFile.java */; };
		ACAE1FA825A14AC300606EB6 /* WSaveFile.java in Sources */ = {isa = PBXBuildFile; fileRef = ACAE1F7625A14AC200606EB6 /* WSaveFile.java */; };
		ACAE1FA925A14AC300606EB6 /* LuaPrototype.java in Sources */ = {isa = PBXBuildFile; fileRef = ACAE1F7B25A14AC300606EB6 /* LuaPrototype.java */; };
		ACAE1FAA25A14AC300606EB6 /* LuaException.java in Sources */ = {isa = PBXBuildFile; fileRef = ACAE1F7C25A14AC300606EB6 /* LuaException.java */; };
		ACAE1FAB25A14AC300606EB6 /* JavaFunction.java in Sources */ = {isa = PBXBuildFile; fileRef = ACAE1F7D25A14AC300606EB6 /* JavaFunction.java */; };
		ACAE1FAC25A14AC300606EB6 /* LuaTableImpl.java in Sources */ = {isa = PBXBuildFile; fileRef = ACAE1F7E25A14AC300606EB6 /* LuaTableImpl.java */; };
		ACAE1FAD25A14AC300606EB6 /* LuaTable.java in Sources */ = {isa = PBXBuildFile; fileRef = ACAE1F7F25A14AC300606EB6 /* LuaTable.java */; };
		ACAE1FAE25A14AC300606EB6 /* UpValue.java in Sources */ = {isa = PBXBuildFile; fileRef = ACAE1F8025A14AC300606EB6 /* UpValue.java */; };
		ACAE1FAF25A14AC300606EB6 /* LuaThread.java in Sources */ = {isa = PBXBuildFile; fileRef = ACAE1F8125A14AC300606EB6 /* LuaThread.java */; };
		ACAE1FB025A14AC300606EB6 /* LuaCallFrame.java in Sources */ = {isa = PBXBuildFile; fileRef = ACAE1F8225A14AC300606EB6 /* LuaCallFrame.java */; };
		ACAE1FB125A14AC300606EB6 /* LuaClosure.java in Sources */ = {isa = PBXBuildFile; fileRef = ACAE1F8325A14AC300606EB6 /* LuaClosure.java */; };
		ACAE1FB225A14AC300606EB6 /* LuaState.java in Sources */ = {isa = PBXBuildFile; fileRef = ACAE1F8425A14AC300606EB6 /* LuaState.java */; };
		ACAE1FB325A14AC300606EB6 /* OsLib.java in Sources */ = {isa = PBXBuildFile; fileRef = ACAE1F8625A14AC300606EB6 /* OsLib.java */; };
		ACAE1FB425A14AC300606EB6 /* CoroutineLib.java in Sources */ = {isa = PBXBuildFile; fileRef = ACAE1F8725A14AC300606EB6 /* CoroutineLib.java */; };
		ACAE1FB525A14AC300606EB6 /* MathLib.java in Sources */ = {isa = PBXBuildFile; fileRef = ACAE1F8825A14AC300606EB6 /* MathLib.java */; };
		ACAE1FB625A14AC300606EB6 /* TableLib.java in Sources */ = {isa = PBXBuildFile; fileRef = ACAE1F8925A14AC300606EB6 /* TableLib.java */; };
		ACAE1FB725A14AC300606EB6 /* BaseLib.java in Sources */ = {isa = PBXBuildFile; fileRef = ACAE1F8A25A14AC300606EB6 /* BaseLib.java */; };
		ACAE1FB825A14AC300606EB6 /* StringLib.java in Sources */ = {isa = PBXBuildFile; fileRef = ACAE1F8B25A14AC300606EB6 /* StringLib.java */; };
		ACAE1FB925A14AC300606EB6 /* Cartridge.java in Sources */ = {isa = PBXBuildFile; fileRef = ACAE1F8F25A14AC300606EB6 /* Cartridge.java */; };
		ACAE1FBA25A14AC300606EB6 /* WherigoLib.java in Sources */ = {isa = PBXBuildFile; fileRef = ACAE1F9025A14AC300606EB6 /* WherigoLib.java */; };
		ACAE1FBB25A14AC300606EB6 /* Savegame.java in Sources */ = {isa = PBXBuildFile; fileRef = ACAE1F9225A14AC300606EB6 /* Savegame.java */; };
		ACAE1FBC25A14AC300606EB6 /* CartridgeFile.java in Sources */ = {isa = PBXBuildFile; fileRef = ACAE1F9325A14AC300606EB6 /* CartridgeFile.java */; };
		ACAE1FBD25A14AC300606EB6 /* EventTable.java in Sources */ = {isa = PBXBuildFile; fileRef = ACAE1F9425A14AC300606EB6 /* EventTable.java */; };
		ACAE1FBE25A14AC300606EB6 /* SeekableFile.java in Sources */ = {isa = PBXBuildFile; fileRef = ACAE1F9625A14AC300606EB6 /* SeekableFile.java */; };
		ACAE1FBF25A14AC300606EB6 /* UI.java in Sources */ = {isa = PBXBuildFile; fileRef = ACAE1F9725A14AC300606EB6 /* UI.java */; };
		ACAE1FC025A14AC300606EB6 /* LocationService.java in Sources */ = {isa = PBXBuildFile; fileRef = ACAE1F9825A14AC300606EB6 /* LocationService.java */; };
		ACAE1FC125A14AC300606EB6 /* FileHandle.java in Sources */ = {isa = PBXBuildFile; fileRef = ACAE1F9925A14AC300606EB6 /* FileHandle.java */; };
		ACAE1FC225A14AC300606EB6 /* Thing.java in Sources */ = {isa = PBXBuildFile; fileRef = ACAE1F9A25A14AC300606EB6 /* Thing.java */; };
		ACAE1FC325A14AC300606EB6 /* Media.java in Sources */ = {isa = PBXBuildFile; fileRef = ACAE1F9B25A14AC300606EB6 /* Media.java */; };
		ACAE1FC425A14AC300606EB6 /* Serializable.java in Sources */ = {isa = PBXBuildFile; fileRef = ACAE1F9C25A14AC300606EB6 /* Serializable.java */; };
		ACAE1FC525A14AC300606EB6 /* Container.java in Sources */ = {isa = PBXBuildFile; fileRef = ACAE1F9D25A14AC300606EB6 /* Container.java */; };
		ACAE1FC625A14AC300606EB6 /* Timer.java in Sources */ = {isa = PBXBuildFile; fileRef = ACAE1F9E25A14AC300606EB6 /* Timer.java */; };
		ACAE1FC725A14AC300606EB6 /* Engine.java in Sources */ = {isa = PBXBuildFile; fileRef = ACAE1F9F25A14AC300606EB6 /* Engine.java */; };
		ACAE1FC825A14AC300606EB6 /* Player.java in Sources */ = {isa = PBXBuildFile; fileRef = ACAE1FA025A14AC300606EB6 /* Player.java */; };
		ACAE1FC925A14AC300606EB6 /* ZonePoint.java in Sources */ = {isa = PBXBuildFile; fileRef = ACAE1FA125A14AC300606EB6 /* ZonePoint.java */; };
		ACAE1FCA25A14AC300606EB6 /* Task.java in Sources */ = {isa = PBXBuildFile; fileRef = ACAE1FA225A14AC300606EB6 /* Task.java */; };
		ACAE1FCB25A14AC300606EB6 /* Action.java in Sources */ = {isa = PBXBuildFile; fileRef = ACAE1FA325A14AC300606EB6 /* Action.java */; };
		ACAE1FCC25A14AC300606EB6 /* Zone.java in Sources */ = {isa = PBXBuildFile; fileRef = ACAE1FA425A14AC300606EB6 /* Zone.java */; };
		ACAE1FCD25A14AC300606EB6 /* BackgroundRunner.java in Sources */ = {isa = PBXBuildFile; fileRef = ACAE1FA625A14AC300606EB6 /* BackgroundRunner.java */; };
		ACBEC09725E7197A005DA50B /* FreeTextQuestionViewController.swift in Sources */ = {isa = PBXBuildFile; fileRef = ACBEC09625E7197A005DA50B /* FreeTextQuestionViewController.swift */; };
		ACBEC09A25E72012005DA50B /* QuestionInputDisplayItem.swift in Sources */ = {isa = PBXBuildFile; fileRef = ACBEC09925E72012005DA50B /* QuestionInputDisplayItem.swift */; };
		ACC4105125EADFE000538407 /* MultipleChoiceQuestionViewController.swift in Sources */ = {isa = PBXBuildFile; fileRef = ACC4105025EADFE000538407 /* MultipleChoiceQuestionViewController.swift */; };
		ACC54E4825A14362004320C7 /* stdlib.lbc in Resources */ = {isa = PBXBuildFile; fileRef = ACC54E4725A14362004320C7 /* stdlib.lbc */; };
		ACC54E5525A14653004320C7 /* LocationService.swift in Sources */ = {isa = PBXBuildFile; fileRef = ACC54E5425A14653004320C7 /* LocationService.swift */; };
		ACC54E5925A146F9004320C7 /* InfoPlist.strings in Resources */ = {isa = PBXBuildFile; fileRef = ACC54E5825A146F9004320C7 /* InfoPlist.strings */; };
		ACDC317E25AB68C50082FF93 /* CartridgePickerCell.xib in Resources */ = {isa = PBXBuildFile; fileRef = ACDC317D25AB68C50082FF93 /* CartridgePickerCell.xib */; };
		ACE9FC1D25AB8F2100825BE4 /* CartridgeImportGuideViewController.swift in Sources */ = {isa = PBXBuildFile; fileRef = ACE9FC1C25AB8F2100825BE4 /* CartridgeImportGuideViewController.swift */; };
		ACEEB30425A4F707007AC2BA /* CartridgePickerDataSource.swift in Sources */ = {isa = PBXBuildFile; fileRef = ACEEB30325A4F707007AC2BA /* CartridgePickerDataSource.swift */; };
		ACEEB30725A4F8ED007AC2BA /* CartridgePickerCell.swift in Sources */ = {isa = PBXBuildFile; fileRef = ACEEB30625A4F8ED007AC2BA /* CartridgePickerCell.swift */; };
		ACEEB30A25A4F9A5007AC2BA /* CartridgePickerDisplayItem.swift in Sources */ = {isa = PBXBuildFile; fileRef = ACEEB30925A4F9A5007AC2BA /* CartridgePickerDisplayItem.swift */; };
		ACEEB31425A51B30007AC2BA /* CartridgeService.swift in Sources */ = {isa = PBXBuildFile; fileRef = ACEEB31325A51B30007AC2BA /* CartridgeService.swift */; };
		ACEEB31B25A51FB4007AC2BA /* UICollectionViewExtensions.swift in Sources */ = {isa = PBXBuildFile; fileRef = ACEEB31A25A51FB4007AC2BA /* UICollectionViewExtensions.swift */; };
		ACF3379625A3E3BF00248C5B /* FilePickerViewController.swift in Sources */ = {isa = PBXBuildFile; fileRef = ACF3379525A3E3BF00248C5B /* FilePickerViewController.swift */; };
		ACF3379B25A3F17C00248C5B /* FileManagerExtensions.swift in Sources */ = {isa = PBXBuildFile; fileRef = ACF3379A25A3F17C00248C5B /* FileManagerExtensions.swift */; };
		ACF3379F25A3F24E00248C5B /* FilePickerConfiguration.swift in Sources */ = {isa = PBXBuildFile; fileRef = ACF3379E25A3F24E00248C5B /* FilePickerConfiguration.swift */; };
		ACFF07B625A13A2D005F5499 /* AppDelegate.swift in Sources */ = {isa = PBXBuildFile; fileRef = ACFF07B525A13A2D005F5499 /* AppDelegate.swift */; };
		ACFF07BA25A13A2D005F5499 /* CartridgePickerViewController.swift in Sources */ = {isa = PBXBuildFile; fileRef = ACFF07B925A13A2D005F5499 /* CartridgePickerViewController.swift */; };
		ACFF07BD25A13A2D005F5499 /* CartridgePicker.storyboard in Resources */ = {isa = PBXBuildFile; fileRef = ACFF07BB25A13A2D005F5499 /* CartridgePicker.storyboard */; };
		ACFF07BF25A13A2E005F5499 /* Assets.xcassets in Resources */ = {isa = PBXBuildFile; fileRef = ACFF07BE25A13A2E005F5499 /* Assets.xcassets */; };
		ACFF07C225A13A2E005F5499 /* LaunchScreen.storyboard in Resources */ = {isa = PBXBuildFile; fileRef = ACFF07C025A13A2E005F5499 /* LaunchScreen.storyboard */; };
/* End PBXBuildFile section */

/* Begin PBXBuildRule section */
		AC4DFEE125A14C9900E66E9D /* PBXBuildRule */ = {
			isa = PBXBuildRule;
			compilerSpec = com.apple.compilers.proxy.script;
			fileType = sourcecode.java;
			inputFiles = (
			);
			isEditable = 1;
			outputFiles = (
				"${DERIVED_FILE_DIR}/${INPUT_FILE_BASE}.h",
				"${DERIVED_FILE_DIR}/${INPUT_FILE_BASE}.m",
			);
			outputFilesCompilerFlags = (
				"",
				"-fno-objc-arc",
			);
			runOncePerArchitecture = 0;
			script = "if [ ! -f \"${J2OBJC_HOME}/j2objc\" ]\nthen \n    echo \"J2OBJC_HOME not correctly defined in Build Settings, currently set to '${J2OBJC_HOME}'\"\n    exit 1\nfi\n\n\"${J2OBJC_HOME}/j2objc\" \\\n--swift-friendly \\\n--prefix 'menion.android.*=WIG' \\\n--prefix 'se.krka.*=WIG' \\\n--prefix 'cz.matejcik.*=WIG' \\\n-v -g -d ${DERIVED_FILE_DIR} -sourcepath \"${PROJECT_DIR}/WherigoCore/JavaSRC\" \\\n--no-package-directories ${INPUT_FILE_PATH};\n";
		};
/* End PBXBuildRule section */

/* Begin PBXFileReference section */
		AC15EB4225DB1DF1001BAB19 /* LocaleExtensions.swift */ = {isa = PBXFileReference; lastKnownFileType = sourcecode.swift; path = LocaleExtensions.swift; sourceTree = "<group>"; };
		AC24108D25A3BA14006CD5F0 /* Log.swift */ = {isa = PBXFileReference; fileEncoding = 4; lastKnownFileType = sourcecode.swift; path = Log.swift; sourceTree = "<group>"; };
		AC24109125A3BA4E006CD5F0 /* UIColorExtensions.swift */ = {isa = PBXFileReference; fileEncoding = 4; lastKnownFileType = sourcecode.swift; path = UIColorExtensions.swift; sourceTree = "<group>"; };
		AC24109425A3BA5E006CD5F0 /* UIResponderExtensions.swift */ = {isa = PBXFileReference; fileEncoding = 4; lastKnownFileType = sourcecode.swift; path = UIResponderExtensions.swift; sourceTree = "<group>"; };
		AC24109725A3BA8A006CD5F0 /* UIViewControllerExtensions.swift */ = {isa = PBXFileReference; fileEncoding = 4; lastKnownFileType = sourcecode.swift; path = UIViewControllerExtensions.swift; sourceTree = "<group>"; };
		AC24109A25A3BAA1006CD5F0 /* UIViewExtensions.swift */ = {isa = PBXFileReference; fileEncoding = 4; lastKnownFileType = sourcecode.swift; path = UIViewExtensions.swift; sourceTree = "<group>"; };
		AC24109F25A3BAD4006CD5F0 /* LoadingViewController.swift */ = {isa = PBXFileReference; fileEncoding = 4; lastKnownFileType = sourcecode.swift; path = LoadingViewController.swift; sourceTree = "<group>"; };
		AC2410A525A3BB46006CD5F0 /* UIStoryboardExtensions.swift */ = {isa = PBXFileReference; fileEncoding = 4; lastKnownFileType = sourcecode.swift; path = UIStoryboardExtensions.swift; sourceTree = "<group>"; };
		AC2410A825A3BB7E006CD5F0 /* UIApplicationExtensions.swift */ = {isa = PBXFileReference; fileEncoding = 4; lastKnownFileType = sourcecode.swift; path = UIApplicationExtensions.swift; sourceTree = "<group>"; };
		AC2410AB25A3BBAE006CD5F0 /* UITableViewExtensions.swift */ = {isa = PBXFileReference; fileEncoding = 4; lastKnownFileType = sourcecode.swift; path = UITableViewExtensions.swift; sourceTree = "<group>"; };
		AC2410AE25A3BBCC006CD5F0 /* UserDefaultsExtensions.swift */ = {isa = PBXFileReference; fileEncoding = 4; lastKnownFileType = sourcecode.swift; path = UserDefaultsExtensions.swift; sourceTree = "<group>"; };
		AC2410B325A3BE81006CD5F0 /* Localizable.swift */ = {isa = PBXFileReference; fileEncoding = 4; lastKnownFileType = sourcecode.swift; path = Localizable.swift; sourceTree = "<group>"; };
		AC2410B625A3BE9D006CD5F0 /* StringExtensions.swift */ = {isa = PBXFileReference; fileEncoding = 4; lastKnownFileType = sourcecode.swift; path = StringExtensions.swift; sourceTree = "<group>"; };
		AC2410B925A3BEC2006CD5F0 /* BaseError.swift */ = {isa = PBXFileReference; fileEncoding = 4; lastKnownFileType = sourcecode.swift; path = BaseError.swift; sourceTree = "<group>"; };
		AC2410BC25A3BF08006CD5F0 /* Constants.swift */ = {isa = PBXFileReference; fileEncoding = 4; lastKnownFileType = sourcecode.swift; path = Constants.swift; sourceTree = "<group>"; };
		AC2410BF25A3BF0F006CD5F0 /* Texts.swift */ = {isa = PBXFileReference; fileEncoding = 4; lastKnownFileType = sourcecode.swift; path = Texts.swift; sourceTree = "<group>"; };
		AC2410C225A3BF2E006CD5F0 /* Theme.swift */ = {isa = PBXFileReference; fileEncoding = 4; lastKnownFileType = sourcecode.swift; path = Theme.swift; sourceTree = "<group>"; };
		AC2410C525A3C100006CD5F0 /* Localizable.strings */ = {isa = PBXFileReference; lastKnownFileType = text.plist.strings; path = Localizable.strings; sourceTree = "<group>"; };
		AC4DFF4D25A1538500E66E9D /* WIGLocationEventHandler.swift */ = {isa = PBXFileReference; fileEncoding = 4; lastKnownFileType = sourcecode.swift; path = WIGLocationEventHandler.swift; sourceTree = "<group>"; };
		AC4DFF4E25A1538600E66E9D /* WIGUIEventHandler.swift */ = {isa = PBXFileReference; fileEncoding = 4; lastKnownFileType = sourcecode.swift; path = WIGUIEventHandler.swift; sourceTree = "<group>"; };
		AC74CB0C25BB9C8C00BA5877 /* CartridgeDetailsViewController.swift */ = {isa = PBXFileReference; lastKnownFileType = sourcecode.swift; path = CartridgeDetailsViewController.swift; sourceTree = "<group>"; };
		AC74CB1025BB9C9600BA5877 /* CartridgeDetails.storyboard */ = {isa = PBXFileReference; lastKnownFileType = file.storyboard; path = CartridgeDetails.storyboard; sourceTree = "<group>"; };
		AC74CB1625BB9F9000BA5877 /* CartridgeGame.storyboard */ = {isa = PBXFileReference; lastKnownFileType = file.storyboard; path = CartridgeGame.storyboard; sourceTree = "<group>"; };
		AC74CB1925BB9FA200BA5877 /* CartridgeGameViewController.swift */ = {isa = PBXFileReference; lastKnownFileType = sourcecode.swift; path = CartridgeGameViewController.swift; sourceTree = "<group>"; };
		AC74CB1C25BBA24E00BA5877 /* CartridgeDetailsDisplayItem.swift */ = {isa = PBXFileReference; lastKnownFileType = sourcecode.swift; path = CartridgeDetailsDisplayItem.swift; sourceTree = "<group>"; };
		AC74CB1F25BD130900BA5877 /* UIImageViewExtensions.swift */ = {isa = PBXFileReference; lastKnownFileType = sourcecode.swift; path = UIImageViewExtensions.swift; sourceTree = "<group>"; };
		AC77E6EE25C7496D00BDF6E0 /* WIGCartridgeFileExtensions.swift */ = {isa = PBXFileReference; lastKnownFileType = sourcecode.swift; path = WIGCartridgeFileExtensions.swift; sourceTree = "<group>"; };
		ACAE1F6E25A14AB900606EB6 /* TypeAlias.swift */ = {isa = PBXFileReference; fileEncoding = 4; lastKnownFileType = sourcecode.swift; path = TypeAlias.swift; sourceTree = "<group>"; };
		ACAE1F7525A14AC200606EB6 /* WSeekableFile.java */ = {isa = PBXFileReference; fileEncoding = 4; lastKnownFileType = sourcecode.java; path = WSeekableFile.java; sourceTree = "<group>"; };
		ACAE1F7625A14AC200606EB6 /* WSaveFile.java */ = {isa = PBXFileReference; fileEncoding = 4; lastKnownFileType = sourcecode.java; path = WSaveFile.java; sourceTree = "<group>"; };
		ACAE1F7B25A14AC300606EB6 /* LuaPrototype.java */ = {isa = PBXFileReference; fileEncoding = 4; lastKnownFileType = sourcecode.java; path = LuaPrototype.java; sourceTree = "<group>"; };
		ACAE1F7C25A14AC300606EB6 /* LuaException.java */ = {isa = PBXFileReference; fileEncoding = 4; lastKnownFileType = sourcecode.java; path = LuaException.java; sourceTree = "<group>"; };
		ACAE1F7D25A14AC300606EB6 /* JavaFunction.java */ = {isa = PBXFileReference; fileEncoding = 4; lastKnownFileType = sourcecode.java; path = JavaFunction.java; sourceTree = "<group>"; };
		ACAE1F7E25A14AC300606EB6 /* LuaTableImpl.java */ = {isa = PBXFileReference; fileEncoding = 4; lastKnownFileType = sourcecode.java; path = LuaTableImpl.java; sourceTree = "<group>"; };
		ACAE1F7F25A14AC300606EB6 /* LuaTable.java */ = {isa = PBXFileReference; fileEncoding = 4; lastKnownFileType = sourcecode.java; path = LuaTable.java; sourceTree = "<group>"; };
		ACAE1F8025A14AC300606EB6 /* UpValue.java */ = {isa = PBXFileReference; fileEncoding = 4; lastKnownFileType = sourcecode.java; path = UpValue.java; sourceTree = "<group>"; };
		ACAE1F8125A14AC300606EB6 /* LuaThread.java */ = {isa = PBXFileReference; fileEncoding = 4; lastKnownFileType = sourcecode.java; path = LuaThread.java; sourceTree = "<group>"; };
		ACAE1F8225A14AC300606EB6 /* LuaCallFrame.java */ = {isa = PBXFileReference; fileEncoding = 4; lastKnownFileType = sourcecode.java; path = LuaCallFrame.java; sourceTree = "<group>"; };
		ACAE1F8325A14AC300606EB6 /* LuaClosure.java */ = {isa = PBXFileReference; fileEncoding = 4; lastKnownFileType = sourcecode.java; path = LuaClosure.java; sourceTree = "<group>"; };
		ACAE1F8425A14AC300606EB6 /* LuaState.java */ = {isa = PBXFileReference; fileEncoding = 4; lastKnownFileType = sourcecode.java; path = LuaState.java; sourceTree = "<group>"; };
		ACAE1F8625A14AC300606EB6 /* OsLib.java */ = {isa = PBXFileReference; fileEncoding = 4; lastKnownFileType = sourcecode.java; path = OsLib.java; sourceTree = "<group>"; };
		ACAE1F8725A14AC300606EB6 /* CoroutineLib.java */ = {isa = PBXFileReference; fileEncoding = 4; lastKnownFileType = sourcecode.java; path = CoroutineLib.java; sourceTree = "<group>"; };
		ACAE1F8825A14AC300606EB6 /* MathLib.java */ = {isa = PBXFileReference; fileEncoding = 4; lastKnownFileType = sourcecode.java; path = MathLib.java; sourceTree = "<group>"; };
		ACAE1F8925A14AC300606EB6 /* TableLib.java */ = {isa = PBXFileReference; fileEncoding = 4; lastKnownFileType = sourcecode.java; path = TableLib.java; sourceTree = "<group>"; };
		ACAE1F8A25A14AC300606EB6 /* BaseLib.java */ = {isa = PBXFileReference; fileEncoding = 4; lastKnownFileType = sourcecode.java; path = BaseLib.java; sourceTree = "<group>"; };
		ACAE1F8B25A14AC300606EB6 /* StringLib.java */ = {isa = PBXFileReference; fileEncoding = 4; lastKnownFileType = sourcecode.java; path = StringLib.java; sourceTree = "<group>"; };
		ACAE1F8F25A14AC300606EB6 /* Cartridge.java */ = {isa = PBXFileReference; fileEncoding = 4; lastKnownFileType = sourcecode.java; path = Cartridge.java; sourceTree = "<group>"; };
		ACAE1F9025A14AC300606EB6 /* WherigoLib.java */ = {isa = PBXFileReference; fileEncoding = 4; lastKnownFileType = sourcecode.java; path = WherigoLib.java; sourceTree = "<group>"; };
		ACAE1F9225A14AC300606EB6 /* Savegame.java */ = {isa = PBXFileReference; fileEncoding = 4; lastKnownFileType = sourcecode.java; path = Savegame.java; sourceTree = "<group>"; };
		ACAE1F9325A14AC300606EB6 /* CartridgeFile.java */ = {isa = PBXFileReference; fileEncoding = 4; lastKnownFileType = sourcecode.java; path = CartridgeFile.java; sourceTree = "<group>"; };
		ACAE1F9425A14AC300606EB6 /* EventTable.java */ = {isa = PBXFileReference; fileEncoding = 4; lastKnownFileType = sourcecode.java; path = EventTable.java; sourceTree = "<group>"; };
		ACAE1F9625A14AC300606EB6 /* SeekableFile.java */ = {isa = PBXFileReference; fileEncoding = 4; lastKnownFileType = sourcecode.java; path = SeekableFile.java; sourceTree = "<group>"; };
		ACAE1F9725A14AC300606EB6 /* UI.java */ = {isa = PBXFileReference; fileEncoding = 4; lastKnownFileType = sourcecode.java; path = UI.java; sourceTree = "<group>"; };
		ACAE1F9825A14AC300606EB6 /* LocationService.java */ = {isa = PBXFileReference; fileEncoding = 4; lastKnownFileType = sourcecode.java; path = LocationService.java; sourceTree = "<group>"; };
		ACAE1F9925A14AC300606EB6 /* FileHandle.java */ = {isa = PBXFileReference; fileEncoding = 4; lastKnownFileType = sourcecode.java; path = FileHandle.java; sourceTree = "<group>"; };
		ACAE1F9A25A14AC300606EB6 /* Thing.java */ = {isa = PBXFileReference; fileEncoding = 4; lastKnownFileType = sourcecode.java; path = Thing.java; sourceTree = "<group>"; };
		ACAE1F9B25A14AC300606EB6 /* Media.java */ = {isa = PBXFileReference; fileEncoding = 4; lastKnownFileType = sourcecode.java; path = Media.java; sourceTree = "<group>"; };
		ACAE1F9C25A14AC300606EB6 /* Serializable.java */ = {isa = PBXFileReference; fileEncoding = 4; lastKnownFileType = sourcecode.java; path = Serializable.java; sourceTree = "<group>"; };
		ACAE1F9D25A14AC300606EB6 /* Container.java */ = {isa = PBXFileReference; fileEncoding = 4; lastKnownFileType = sourcecode.java; path = Container.java; sourceTree = "<group>"; };
		ACAE1F9E25A14AC300606EB6 /* Timer.java */ = {isa = PBXFileReference; fileEncoding = 4; lastKnownFileType = sourcecode.java; path = Timer.java; sourceTree = "<group>"; };
		ACAE1F9F25A14AC300606EB6 /* Engine.java */ = {isa = PBXFileReference; fileEncoding = 4; lastKnownFileType = sourcecode.java; path = Engine.java; sourceTree = "<group>"; };
		ACAE1FA025A14AC300606EB6 /* Player.java */ = {isa = PBXFileReference; fileEncoding = 4; lastKnownFileType = sourcecode.java; path = Player.java; sourceTree = "<group>"; };
		ACAE1FA125A14AC300606EB6 /* ZonePoint.java */ = {isa = PBXFileReference; fileEncoding = 4; lastKnownFileType = sourcecode.java; path = ZonePoint.java; sourceTree = "<group>"; };
		ACAE1FA225A14AC300606EB6 /* Task.java */ = {isa = PBXFileReference; fileEncoding = 4; lastKnownFileType = sourcecode.java; path = Task.java; sourceTree = "<group>"; };
		ACAE1FA325A14AC300606EB6 /* Action.java */ = {isa = PBXFileReference; fileEncoding = 4; lastKnownFileType = sourcecode.java; path = Action.java; sourceTree = "<group>"; };
		ACAE1FA425A14AC300606EB6 /* Zone.java */ = {isa = PBXFileReference; fileEncoding = 4; lastKnownFileType = sourcecode.java; path = Zone.java; sourceTree = "<group>"; };
		ACAE1FA625A14AC300606EB6 /* BackgroundRunner.java */ = {isa = PBXFileReference; fileEncoding = 4; lastKnownFileType = sourcecode.java; path = BackgroundRunner.java; sourceTree = "<group>"; };
		ACBEC09625E7197A005DA50B /* FreeTextQuestionViewController.swift */ = {isa = PBXFileReference; lastKnownFileType = sourcecode.swift; path = FreeTextQuestionViewController.swift; sourceTree = "<group>"; };
		ACBEC09925E72012005DA50B /* QuestionInputDisplayItem.swift */ = {isa = PBXFileReference; lastKnownFileType = sourcecode.swift; path = QuestionInputDisplayItem.swift; sourceTree = "<group>"; };
		ACC4105025EADFE000538407 /* MultipleChoiceQuestionViewController.swift */ = {isa = PBXFileReference; lastKnownFileType = sourcecode.swift; path = MultipleChoiceQuestionViewController.swift; sourceTree = "<group>"; };
		ACC54E3725A141D7004320C7 /* README.md */ = {isa = PBXFileReference; fileEncoding = 4; lastKnownFileType = net.daringfireball.markdown; path = README.md; sourceTree = SOURCE_ROOT; };
		ACC54E3A25A1420F004320C7 /* LICENSE */ = {isa = PBXFileReference; fileEncoding = 4; lastKnownFileType = text; path = LICENSE; sourceTree = SOURCE_ROOT; };
		ACC54E3D25A14237004320C7 /* WherigoPlayer-Bridging-Header.h */ = {isa = PBXFileReference; lastKnownFileType = sourcecode.c.h; path = "WherigoPlayer-Bridging-Header.h"; sourceTree = "<group>"; };
		ACC54E4725A14362004320C7 /* stdlib.lbc */ = {isa = PBXFileReference; lastKnownFileType = file; path = stdlib.lbc; sourceTree = "<group>"; };
		ACC54E5425A14653004320C7 /* LocationService.swift */ = {isa = PBXFileReference; fileEncoding = 4; lastKnownFileType = sourcecode.swift; path = LocationService.swift; sourceTree = "<group>"; };
		ACC54E5825A146F9004320C7 /* InfoPlist.strings */ = {isa = PBXFileReference; lastKnownFileType = text.plist.strings; path = InfoPlist.strings; sourceTree = "<group>"; };
		ACDC317D25AB68C50082FF93 /* CartridgePickerCell.xib */ = {isa = PBXFileReference; lastKnownFileType = file.xib; path = CartridgePickerCell.xib; sourceTree = "<group>"; };
		ACE9FC1C25AB8F2100825BE4 /* CartridgeImportGuideViewController.swift */ = {isa = PBXFileReference; lastKnownFileType = sourcecode.swift; path = CartridgeImportGuideViewController.swift; sourceTree = "<group>"; };
		ACEEB30325A4F707007AC2BA /* CartridgePickerDataSource.swift */ = {isa = PBXFileReference; lastKnownFileType = sourcecode.swift; path = CartridgePickerDataSource.swift; sourceTree = "<group>"; };
		ACEEB30625A4F8ED007AC2BA /* CartridgePickerCell.swift */ = {isa = PBXFileReference; lastKnownFileType = sourcecode.swift; path = CartridgePickerCell.swift; sourceTree = "<group>"; };
		ACEEB30925A4F9A5007AC2BA /* CartridgePickerDisplayItem.swift */ = {isa = PBXFileReference; lastKnownFileType = sourcecode.swift; path = CartridgePickerDisplayItem.swift; sourceTree = "<group>"; };
		ACEEB31325A51B30007AC2BA /* CartridgeService.swift */ = {isa = PBXFileReference; lastKnownFileType = sourcecode.swift; path = CartridgeService.swift; sourceTree = "<group>"; };
		ACEEB31A25A51FB4007AC2BA /* UICollectionViewExtensions.swift */ = {isa = PBXFileReference; lastKnownFileType = sourcecode.swift; path = UICollectionViewExtensions.swift; sourceTree = "<group>"; };
		ACF3379525A3E3BF00248C5B /* FilePickerViewController.swift */ = {isa = PBXFileReference; lastKnownFileType = sourcecode.swift; path = FilePickerViewController.swift; sourceTree = "<group>"; };
		ACF3379A25A3F17C00248C5B /* FileManagerExtensions.swift */ = {isa = PBXFileReference; lastKnownFileType = sourcecode.swift; path = FileManagerExtensions.swift; sourceTree = "<group>"; };
		ACF3379E25A3F24E00248C5B /* FilePickerConfiguration.swift */ = {isa = PBXFileReference; lastKnownFileType = sourcecode.swift; path = FilePickerConfiguration.swift; sourceTree = "<group>"; };
		ACFF07B225A13A2D005F5499 /* WherigoPlayer.app */ = {isa = PBXFileReference; explicitFileType = wrapper.application; includeInIndex = 0; path = WherigoPlayer.app; sourceTree = BUILT_PRODUCTS_DIR; };
		ACFF07B525A13A2D005F5499 /* AppDelegate.swift */ = {isa = PBXFileReference; lastKnownFileType = sourcecode.swift; path = AppDelegate.swift; sourceTree = "<group>"; };
		ACFF07B925A13A2D005F5499 /* CartridgePickerViewController.swift */ = {isa = PBXFileReference; lastKnownFileType = sourcecode.swift; path = CartridgePickerViewController.swift; sourceTree = "<group>"; };
		ACFF07BC25A13A2D005F5499 /* Base */ = {isa = PBXFileReference; lastKnownFileType = file.storyboard; name = Base; path = Base.lproj/CartridgePicker.storyboard; sourceTree = "<group>"; };
		ACFF07BE25A13A2E005F5499 /* Assets.xcassets */ = {isa = PBXFileReference; lastKnownFileType = folder.assetcatalog; path = Assets.xcassets; sourceTree = "<group>"; };
		ACFF07C125A13A2E005F5499 /* Base */ = {isa = PBXFileReference; lastKnownFileType = file.storyboard; name = Base; path = Base.lproj/LaunchScreen.storyboard; sourceTree = "<group>"; };
		ACFF07C325A13A2E005F5499 /* Info.plist */ = {isa = PBXFileReference; lastKnownFileType = text.plist.xml; path = Info.plist; sourceTree = "<group>"; };
/* End PBXFileReference section */

/* Begin PBXFrameworksBuildPhase section */
		ACFF07AF25A13A2D005F5499 /* Frameworks */ = {
			isa = PBXFrameworksBuildPhase;
			buildActionMask = 2147483647;
			files = (
			);
			runOnlyForDeploymentPostprocessing = 0;
		};
/* End PBXFrameworksBuildPhase section */

/* Begin PBXGroup section */
		AC24108C25A3BA14006CD5F0 /* Logging */ = {
			isa = PBXGroup;
			children = (
				AC24108D25A3BA14006CD5F0 /* Log.swift */,
			);
			path = Logging;
			sourceTree = "<group>";
		};
		AC24109025A3BA20006CD5F0 /* Extensions */ = {
			isa = PBXGroup;
			children = (
				ACF3379A25A3F17C00248C5B /* FileManagerExtensions.swift */,
				AC15EB4225DB1DF1001BAB19 /* LocaleExtensions.swift */,
				AC2410B625A3BE9D006CD5F0 /* StringExtensions.swift */,
				AC2410A825A3BB7E006CD5F0 /* UIApplicationExtensions.swift */,
				ACEEB31A25A51FB4007AC2BA /* UICollectionViewExtensions.swift */,
				AC24109125A3BA4E006CD5F0 /* UIColorExtensions.swift */,
				AC74CB1F25BD130900BA5877 /* UIImageViewExtensions.swift */,
				AC24109425A3BA5E006CD5F0 /* UIResponderExtensions.swift */,
				AC2410A525A3BB46006CD5F0 /* UIStoryboardExtensions.swift */,
				AC2410AB25A3BBAE006CD5F0 /* UITableViewExtensions.swift */,
				AC24109725A3BA8A006CD5F0 /* UIViewControllerExtensions.swift */,
				AC24109A25A3BAA1006CD5F0 /* UIViewExtensions.swift */,
				AC2410AE25A3BBCC006CD5F0 /* UserDefaultsExtensions.swift */,
			);
			path = Extensions;
			sourceTree = "<group>";
		};
		AC24109D25A3BAB9006CD5F0 /* UI */ = {
			isa = PBXGroup;
			children = (
				ACF337A125A3F27400248C5B /* FilePicker */,
				AC24109E25A3BACC006CD5F0 /* Misc */,
			);
			path = UI;
			sourceTree = "<group>";
		};
		AC24109E25A3BACC006CD5F0 /* Misc */ = {
			isa = PBXGroup;
			children = (
				AC24109F25A3BAD4006CD5F0 /* LoadingViewController.swift */,
			);
			path = Misc;
			sourceTree = "<group>";
		};
		AC2410B225A3BE70006CD5F0 /* Interfaces */ = {
			isa = PBXGroup;
			children = (
				AC2410B925A3BEC2006CD5F0 /* BaseError.swift */,
				AC2410B325A3BE81006CD5F0 /* Localizable.swift */,
			);
			path = Interfaces;
			sourceTree = "<group>";
		};
		AC4DFF4C25A1532C00E66E9D /* EventHandlers */ = {
			isa = PBXGroup;
			children = (
				AC4DFF4D25A1538500E66E9D /* WIGLocationEventHandler.swift */,
				AC4DFF4E25A1538600E66E9D /* WIGUIEventHandler.swift */,
			);
			path = EventHandlers;
			sourceTree = "<group>";
		};
		AC74CB0B25BB9C7600BA5877 /* CartridgeDetails */ = {
			isa = PBXGroup;
			children = (
				AC74CB1025BB9C9600BA5877 /* CartridgeDetails.storyboard */,
				AC74CB0C25BB9C8C00BA5877 /* CartridgeDetailsViewController.swift */,
				AC74CB1C25BBA24E00BA5877 /* CartridgeDetailsDisplayItem.swift */,
			);
			path = CartridgeDetails;
			sourceTree = "<group>";
		};
		AC74CB1425BB9E8A00BA5877 /* CartridgeGame */ = {
			isa = PBXGroup;
			children = (
				ACBEC09C25E72186005DA50B /* QuestionInput */,
				AC74CB1625BB9F9000BA5877 /* CartridgeGame.storyboard */,
				AC74CB1925BB9FA200BA5877 /* CartridgeGameViewController.swift */,
			);
			path = CartridgeGame;
			sourceTree = "<group>";
		};
		AC77E6ED25C7494600BDF6E0 /* Extensions */ = {
			isa = PBXGroup;
			children = (
				AC77E6EE25C7496D00BDF6E0 /* WIGCartridgeFileExtensions.swift */,
			);
			path = Extensions;
			sourceTree = "<group>";
		};
		ACAE1F6C25A14A3B00606EB6 /* WherigoCore */ = {
			isa = PBXGroup;
			children = (
				ACAE1F6D25A14AA600606EB6 /* JavaSRC */,
				AC77E6ED25C7494600BDF6E0 /* Extensions */,
				ACAE1F6E25A14AB900606EB6 /* TypeAlias.swift */,
			);
			path = WherigoCore;
			sourceTree = "<group>";
		};
		ACAE1F6D25A14AA600606EB6 /* JavaSRC */ = {
			isa = PBXGroup;
			children = (
				ACAE1F8C25A14AC300606EB6 /* cz */,
				ACAE1F7125A14AC200606EB6 /* menion */,
				ACAE1F7725A14AC300606EB6 /* se */,
				ACAE1FA525A14AC300606EB6 /* util */,
			);
			path = JavaSRC;
			sourceTree = "<group>";
		};
		ACAE1F7125A14AC200606EB6 /* menion */ = {
			isa = PBXGroup;
			children = (
				ACAE1F7225A14AC200606EB6 /* android */,
			);
			path = menion;
			sourceTree = "<group>";
		};
		ACAE1F7225A14AC200606EB6 /* android */ = {
			isa = PBXGroup;
			children = (
				ACAE1F7325A14AC200606EB6 /* whereyougo */,
			);
			path = android;
			sourceTree = "<group>";
		};
		ACAE1F7325A14AC200606EB6 /* whereyougo */ = {
			isa = PBXGroup;
			children = (
				ACAE1F7425A14AC200606EB6 /* openwig */,
			);
			path = whereyougo;
			sourceTree = "<group>";
		};
		ACAE1F7425A14AC200606EB6 /* openwig */ = {
			isa = PBXGroup;
			children = (
				ACAE1F7525A14AC200606EB6 /* WSeekableFile.java */,
				ACAE1F7625A14AC200606EB6 /* WSaveFile.java */,
			);
			path = openwig;
			sourceTree = "<group>";
		};
		ACAE1F7725A14AC300606EB6 /* se */ = {
			isa = PBXGroup;
			children = (
				ACAE1F7825A14AC300606EB6 /* krka */,
			);
			path = se;
			sourceTree = "<group>";
		};
		ACAE1F7825A14AC300606EB6 /* krka */ = {
			isa = PBXGroup;
			children = (
				ACAE1F7925A14AC300606EB6 /* kahlua */,
			);
			path = krka;
			sourceTree = "<group>";
		};
		ACAE1F7925A14AC300606EB6 /* kahlua */ = {
			isa = PBXGroup;
			children = (
				ACAE1F7A25A14AC300606EB6 /* vm */,
				ACAE1F8525A14AC300606EB6 /* stdlib */,
			);
			path = kahlua;
			sourceTree = "<group>";
		};
		ACAE1F7A25A14AC300606EB6 /* vm */ = {
			isa = PBXGroup;
			children = (
				ACAE1F7B25A14AC300606EB6 /* LuaPrototype.java */,
				ACAE1F7C25A14AC300606EB6 /* LuaException.java */,
				ACAE1F7D25A14AC300606EB6 /* JavaFunction.java */,
				ACAE1F7E25A14AC300606EB6 /* LuaTableImpl.java */,
				ACAE1F7F25A14AC300606EB6 /* LuaTable.java */,
				ACAE1F8025A14AC300606EB6 /* UpValue.java */,
				ACAE1F8125A14AC300606EB6 /* LuaThread.java */,
				ACAE1F8225A14AC300606EB6 /* LuaCallFrame.java */,
				ACAE1F8325A14AC300606EB6 /* LuaClosure.java */,
				ACAE1F8425A14AC300606EB6 /* LuaState.java */,
			);
			path = vm;
			sourceTree = "<group>";
		};
		ACAE1F8525A14AC300606EB6 /* stdlib */ = {
			isa = PBXGroup;
			children = (
				ACAE1F8625A14AC300606EB6 /* OsLib.java */,
				ACAE1F8725A14AC300606EB6 /* CoroutineLib.java */,
				ACAE1F8825A14AC300606EB6 /* MathLib.java */,
				ACAE1F8925A14AC300606EB6 /* TableLib.java */,
				ACAE1F8A25A14AC300606EB6 /* BaseLib.java */,
				ACAE1F8B25A14AC300606EB6 /* StringLib.java */,
			);
			path = stdlib;
			sourceTree = "<group>";
		};
		ACAE1F8C25A14AC300606EB6 /* cz */ = {
			isa = PBXGroup;
			children = (
				ACAE1F8D25A14AC300606EB6 /* matejcik */,
			);
			path = cz;
			sourceTree = "<group>";
		};
		ACAE1F8D25A14AC300606EB6 /* matejcik */ = {
			isa = PBXGroup;
			children = (
				ACAE1F8E25A14AC300606EB6 /* openwig */,
			);
			path = matejcik;
			sourceTree = "<group>";
		};
		ACAE1F8E25A14AC300606EB6 /* openwig */ = {
			isa = PBXGroup;
			children = (
				ACAE1F8F25A14AC300606EB6 /* Cartridge.java */,
				ACAE1F9025A14AC300606EB6 /* WherigoLib.java */,
				ACAE1F9125A14AC300606EB6 /* formats */,
				ACAE1F9425A14AC300606EB6 /* EventTable.java */,
				ACAE1F9525A14AC300606EB6 /* platform */,
				ACAE1F9A25A14AC300606EB6 /* Thing.java */,
				ACAE1F9B25A14AC300606EB6 /* Media.java */,
				ACAE1F9C25A14AC300606EB6 /* Serializable.java */,
				ACAE1F9D25A14AC300606EB6 /* Container.java */,
				ACAE1F9E25A14AC300606EB6 /* Timer.java */,
				ACAE1F9F25A14AC300606EB6 /* Engine.java */,
				ACAE1FA025A14AC300606EB6 /* Player.java */,
				ACAE1FA125A14AC300606EB6 /* ZonePoint.java */,
				ACAE1FA225A14AC300606EB6 /* Task.java */,
				ACAE1FA325A14AC300606EB6 /* Action.java */,
				ACAE1FA425A14AC300606EB6 /* Zone.java */,
			);
			path = openwig;
			sourceTree = "<group>";
		};
		ACAE1F9125A14AC300606EB6 /* formats */ = {
			isa = PBXGroup;
			children = (
				ACAE1F9225A14AC300606EB6 /* Savegame.java */,
				ACAE1F9325A14AC300606EB6 /* CartridgeFile.java */,
			);
			path = formats;
			sourceTree = "<group>";
		};
		ACAE1F9525A14AC300606EB6 /* platform */ = {
			isa = PBXGroup;
			children = (
				ACAE1F9625A14AC300606EB6 /* SeekableFile.java */,
				ACAE1F9725A14AC300606EB6 /* UI.java */,
				ACAE1F9825A14AC300606EB6 /* LocationService.java */,
				ACAE1F9925A14AC300606EB6 /* FileHandle.java */,
			);
			path = platform;
			sourceTree = "<group>";
		};
		ACAE1FA525A14AC300606EB6 /* util */ = {
			isa = PBXGroup;
			children = (
				ACAE1FA625A14AC300606EB6 /* BackgroundRunner.java */,
			);
			path = util;
			sourceTree = "<group>";
		};
		ACBEC09C25E72186005DA50B /* QuestionInput */ = {
			isa = PBXGroup;
			children = (
				ACBEC09925E72012005DA50B /* QuestionInputDisplayItem.swift */,
				ACBEC09625E7197A005DA50B /* FreeTextQuestionViewController.swift */,
				ACC4105025EADFE000538407 /* MultipleChoiceQuestionViewController.swift */,
			);
			path = QuestionInput;
			sourceTree = "<group>";
		};
		ACC54E1D25A13A83004320C7 /* AppFlow */ = {
			isa = PBXGroup;
			children = (
				ACFF07C025A13A2E005F5499 /* LaunchScreen.storyboard */,
				ACC54E2325A13B19004320C7 /* CartridgePicker */,
				AC74CB0B25BB9C7600BA5877 /* CartridgeDetails */,
				AC74CB1425BB9E8A00BA5877 /* CartridgeGame */,
			);
			path = AppFlow;
			sourceTree = "<group>";
		};
		ACC54E1E25A13AA2004320C7 /* Services */ = {
			isa = PBXGroup;
			children = (
				ACC54E5425A14653004320C7 /* LocationService.swift */,
				ACEEB31325A51B30007AC2BA /* CartridgeService.swift */,
			);
			path = Services;
			sourceTree = "<group>";
		};
		ACC54E1F25A13AB1004320C7 /* Common */ = {
			isa = PBXGroup;
			children = (
				AC24109025A3BA20006CD5F0 /* Extensions */,
				AC2410B225A3BE70006CD5F0 /* Interfaces */,
				AC24108C25A3BA14006CD5F0 /* Logging */,
				AC24109D25A3BAB9006CD5F0 /* UI */,
				AC2410BC25A3BF08006CD5F0 /* Constants.swift */,
				AC2410BF25A3BF0F006CD5F0 /* Texts.swift */,
				AC2410C225A3BF2E006CD5F0 /* Theme.swift */,
			);
			path = Common;
			sourceTree = "<group>";
		};
		ACC54E2025A13ABB004320C7 /* Resources */ = {
			isa = PBXGroup;
			children = (
				ACC54E4525A14332004320C7 /* Bin */,
				ACC54E4425A14327004320C7 /* Images */,
				ACC54E5725A146DE004320C7 /* Translations */,
			);
			path = Resources;
			sourceTree = "<group>";
		};
		ACC54E2125A13ACC004320C7 /* SupportingFiles */ = {
			isa = PBXGroup;
			children = (
				ACC54E3D25A14237004320C7 /* WherigoPlayer-Bridging-Header.h */,
				ACFF07C325A13A2E005F5499 /* Info.plist */,
				ACC54E3725A141D7004320C7 /* README.md */,
				ACC54E3A25A1420F004320C7 /* LICENSE */,
			);
			path = SupportingFiles;
			sourceTree = "<group>";
		};
		ACC54E2325A13B19004320C7 /* CartridgePicker */ = {
			isa = PBXGroup;
			children = (
				ACDC318225AB7AEC0082FF93 /* CartridgePickerCell */,
				ACFF07BB25A13A2D005F5499 /* CartridgePicker.storyboard */,
				ACFF07B925A13A2D005F5499 /* CartridgePickerViewController.swift */,
				ACE9FC1C25AB8F2100825BE4 /* CartridgeImportGuideViewController.swift */,
				ACEEB30325A4F707007AC2BA /* CartridgePickerDataSource.swift */,
				ACEEB30925A4F9A5007AC2BA /* CartridgePickerDisplayItem.swift */,
			);
			path = CartridgePicker;
			sourceTree = "<group>";
		};
		ACC54E4425A14327004320C7 /* Images */ = {
			isa = PBXGroup;
			children = (
				ACFF07BE25A13A2E005F5499 /* Assets.xcassets */,
			);
			path = Images;
			sourceTree = "<group>";
		};
		ACC54E4525A14332004320C7 /* Bin */ = {
			isa = PBXGroup;
			children = (
				ACC54E4725A14362004320C7 /* stdlib.lbc */,
			);
			path = Bin;
			sourceTree = "<group>";
		};
		ACC54E5725A146DE004320C7 /* Translations */ = {
			isa = PBXGroup;
			children = (
				ACC54E5825A146F9004320C7 /* InfoPlist.strings */,
				AC2410C525A3C100006CD5F0 /* Localizable.strings */,
			);
			path = Translations;
			sourceTree = "<group>";
		};
		ACDC318225AB7AEC0082FF93 /* CartridgePickerCell */ = {
			isa = PBXGroup;
			children = (
				ACEEB30625A4F8ED007AC2BA /* CartridgePickerCell.swift */,
				ACDC317D25AB68C50082FF93 /* CartridgePickerCell.xib */,
			);
			path = CartridgePickerCell;
			sourceTree = "<group>";
		};
		ACF337A125A3F27400248C5B /* FilePicker */ = {
			isa = PBXGroup;
			children = (
				ACF3379E25A3F24E00248C5B /* FilePickerConfiguration.swift */,
				ACF3379525A3E3BF00248C5B /* FilePickerViewController.swift */,
			);
			path = FilePicker;
			sourceTree = "<group>";
		};
		ACFF07A925A13A2D005F5499 = {
			isa = PBXGroup;
			children = (
				ACAE1F6C25A14A3B00606EB6 /* WherigoCore */,
				ACFF07B425A13A2D005F5499 /* WherigoPlayer */,
				ACFF07B325A13A2D005F5499 /* Products */,
			);
			sourceTree = "<group>";
		};
		ACFF07B325A13A2D005F5499 /* Products */ = {
			isa = PBXGroup;
			children = (
				ACFF07B225A13A2D005F5499 /* WherigoPlayer.app */,
			);
			name = Products;
			sourceTree = "<group>";
		};
		ACFF07B425A13A2D005F5499 /* WherigoPlayer */ = {
			isa = PBXGroup;
			children = (
				ACFF07B525A13A2D005F5499 /* AppDelegate.swift */,
				ACC54E1D25A13A83004320C7 /* AppFlow */,
				AC4DFF4C25A1532C00E66E9D /* EventHandlers */,
				ACC54E1E25A13AA2004320C7 /* Services */,
				ACC54E1F25A13AB1004320C7 /* Common */,
				ACC54E2025A13ABB004320C7 /* Resources */,
				ACC54E2125A13ACC004320C7 /* SupportingFiles */,
			);
			path = WherigoPlayer;
			sourceTree = "<group>";
		};
/* End PBXGroup section */

/* Begin PBXNativeTarget section */
		ACFF07B125A13A2D005F5499 /* WherigoPlayer */ = {
			isa = PBXNativeTarget;
			buildConfigurationList = ACFF07C625A13A2E005F5499 /* Build configuration list for PBXNativeTarget "WherigoPlayer" */;
			buildPhases = (
				ACC54E5B25A147AF004320C7 /* SwiftLint */,
				ACFF07AE25A13A2D005F5499 /* Sources */,
				ACFF07AF25A13A2D005F5499 /* Frameworks */,
				ACFF07B025A13A2D005F5499 /* Resources */,
			);
			buildRules = (
				AC4DFEE125A14C9900E66E9D /* PBXBuildRule */,
			);
			dependencies = (
			);
			name = WherigoPlayer;
			productName = WherigoPlayer;
			productReference = ACFF07B225A13A2D005F5499 /* WherigoPlayer.app */;
			productType = "com.apple.product-type.application";
		};
/* End PBXNativeTarget section */

/* Begin PBXProject section */
		ACFF07AA25A13A2D005F5499 /* Project object */ = {
			isa = PBXProject;
			attributes = {
				LastSwiftUpdateCheck = 1230;
				LastUpgradeCheck = 1230;
				TargetAttributes = {
					ACFF07B125A13A2D005F5499 = {
						CreatedOnToolsVersion = 12.3;
						LastSwiftMigration = 1230;
					};
				};
			};
			buildConfigurationList = ACFF07AD25A13A2D005F5499 /* Build configuration list for PBXProject "WherigoPlayer" */;
			compatibilityVersion = "Xcode 9.3";
			developmentRegion = en;
			hasScannedForEncodings = 0;
			knownRegions = (
				en,
				Base,
			);
			mainGroup = ACFF07A925A13A2D005F5499;
			productRefGroup = ACFF07B325A13A2D005F5499 /* Products */;
			projectDirPath = "";
			projectRoot = "";
			targets = (
				ACFF07B125A13A2D005F5499 /* WherigoPlayer */,
			);
		};
/* End PBXProject section */

/* Begin PBXResourcesBuildPhase section */
		ACFF07B025A13A2D005F5499 /* Resources */ = {
			isa = PBXResourcesBuildPhase;
			buildActionMask = 2147483647;
			files = (
				ACFF07C225A13A2E005F5499 /* LaunchScreen.storyboard in Resources */,
				ACFF07BF25A13A2E005F5499 /* Assets.xcassets in Resources */,
				ACC54E4825A14362004320C7 /* stdlib.lbc in Resources */,
				ACDC317E25AB68C50082FF93 /* CartridgePickerCell.xib in Resources */,
				AC2410C625A3C100006CD5F0 /* Localizable.strings in Resources */,
				AC74CB1725BB9F9000BA5877 /* CartridgeGame.storyboard in Resources */,
				AC74CB1125BB9C9600BA5877 /* CartridgeDetails.storyboard in Resources */,
				ACFF07BD25A13A2D005F5499 /* CartridgePicker.storyboard in Resources */,
				ACC54E5925A146F9004320C7 /* InfoPlist.strings in Resources */,
			);
			runOnlyForDeploymentPostprocessing = 0;
		};
/* End PBXResourcesBuildPhase section */

/* Begin PBXShellScriptBuildPhase section */
		ACC54E5B25A147AF004320C7 /* SwiftLint */ = {
			isa = PBXShellScriptBuildPhase;
			buildActionMask = 2147483647;
			files = (
			);
			inputFileListPaths = (
			);
			inputPaths = (
			);
			name = SwiftLint;
			outputFileListPaths = (
			);
			outputPaths = (
			);
			runOnlyForDeploymentPostprocessing = 0;
			shellPath = /bin/sh;
			shellScript = "#exit\nif which swiftlint >/dev/null; then\nswiftlint\nelse\necho \"warning: SwiftLint not installed, download from https://github.com/realm/SwiftLint\"\nfi\n";
		};
/* End PBXShellScriptBuildPhase section */

/* Begin PBXSourcesBuildPhase section */
		ACFF07AE25A13A2D005F5499 /* Sources */ = {
			isa = PBXSourcesBuildPhase;
			buildActionMask = 2147483647;
			files = (
				ACE9FC1D25AB8F2100825BE4 /* CartridgeImportGuideViewController.swift in Sources */,
				ACAE1FBF25A14AC300606EB6 /* UI.java in Sources */,
				ACAE1FB325A14AC300606EB6 /* OsLib.java in Sources */,
				ACEEB30A25A4F9A5007AC2BA /* CartridgePickerDisplayItem.swift in Sources */,
				AC2410A025A3BAD4006CD5F0 /* LoadingViewController.swift in Sources */,
				ACAE1FB225A14AC300606EB6 /* LuaState.java in Sources */,
				ACAE1FB825A14AC300606EB6 /* StringLib.java in Sources */,
				AC77E6EF25C7496D00BDF6E0 /* WIGCartridgeFileExtensions.swift in Sources */,
				ACEEB30425A4F707007AC2BA /* CartridgePickerDataSource.swift in Sources */,
				AC2410BA25A3BEC2006CD5F0 /* BaseError.swift in Sources */,
				ACAE1FC825A14AC300606EB6 /* Player.java in Sources */,
				ACBEC09725E7197A005DA50B /* FreeTextQuestionViewController.swift in Sources */,
				ACEEB31B25A51FB4007AC2BA /* UICollectionViewExtensions.swift in Sources */,
				ACAE1FC025A14AC300606EB6 /* LocationService.java in Sources */,
				AC24109825A3BA8A006CD5F0 /* UIViewControllerExtensions.swift in Sources */,
				ACAE1FB525A14AC300606EB6 /* MathLib.java in Sources */,
				ACAE1FA825A14AC300606EB6 /* WSaveFile.java in Sources */,
				ACFF07BA25A13A2D005F5499 /* CartridgePickerViewController.swift in Sources */,
				ACAE1FB925A14AC300606EB6 /* Cartridge.java in Sources */,
				AC4DFF4F25A1538600E66E9D /* WIGLocationEventHandler.swift in Sources */,
				ACAE1FB025A14AC300606EB6 /* LuaCallFrame.java in Sources */,
				ACAE1FC925A14AC300606EB6 /* ZonePoint.java in Sources */,
				AC15EB4325DB1DF1001BAB19 /* LocaleExtensions.swift in Sources */,
				ACF3379625A3E3BF00248C5B /* FilePickerViewController.swift in Sources */,
				ACAE1FAA25A14AC300606EB6 /* LuaException.java in Sources */,
				AC74CB1A25BB9FA200BA5877 /* CartridgeGameViewController.swift in Sources */,
				ACAE1FC625A14AC300606EB6 /* Timer.java in Sources */,
				AC2410C025A3BF0F006CD5F0 /* Texts.swift in Sources */,
				AC2410BD25A3BF08006CD5F0 /* Constants.swift in Sources */,
				AC74CB0D25BB9C8C00BA5877 /* CartridgeDetailsViewController.swift in Sources */,
				ACAE1FA925A14AC300606EB6 /* LuaPrototype.java in Sources */,
				AC2410B725A3BE9D006CD5F0 /* StringExtensions.swift in Sources */,
				ACAE1FB625A14AC300606EB6 /* TableLib.java in Sources */,
				ACAE1FBA25A14AC300606EB6 /* WherigoLib.java in Sources */,
				AC4DFF5025A1538600E66E9D /* WIGUIEventHandler.swift in Sources */,
				ACAE1FA725A14AC300606EB6 /* WSeekableFile.java in Sources */,
				AC2410B425A3BE81006CD5F0 /* Localizable.swift in Sources */,
				ACAE1FBE25A14AC300606EB6 /* SeekableFile.java in Sources */,
				ACBEC09A25E72012005DA50B /* QuestionInputDisplayItem.swift in Sources */,
				ACC4105125EADFE000538407 /* MultipleChoiceQuestionViewController.swift in Sources */,
				ACF3379B25A3F17C00248C5B /* FileManagerExtensions.swift in Sources */,
				ACAE1FC325A14AC300606EB6 /* Media.java in Sources */,
				ACC54E5525A14653004320C7 /* LocationService.swift in Sources */,
				AC74CB1D25BBA24E00BA5877 /* CartridgeDetailsDisplayItem.swift in Sources */,
				ACAE1FAB25A14AC300606EB6 /* JavaFunction.java in Sources */,
				AC24108E25A3BA14006CD5F0 /* Log.swift in Sources */,
				ACEEB30725A4F8ED007AC2BA /* CartridgePickerCell.swift in Sources */,
				AC2410AF25A3BBCC006CD5F0 /* UserDefaultsExtensions.swift in Sources */,
				AC2410C325A3BF2E006CD5F0 /* Theme.swift in Sources */,
				AC24109225A3BA4E006CD5F0 /* UIColorExtensions.swift in Sources */,
				ACAE1FAC25A14AC300606EB6 /* LuaTableImpl.java in Sources */,
				ACAE1FBB25A14AC300606EB6 /* Savegame.java in Sources */,
				ACAE1FC225A14AC300606EB6 /* Thing.java in Sources */,
				ACAE1FBC25A14AC300606EB6 /* CartridgeFile.java in Sources */,
				ACAE1FB725A14AC300606EB6 /* BaseLib.java in Sources */,
				ACAE1FCB25A14AC300606EB6 /* Action.java in Sources */,
				ACAE1FBD25A14AC300606EB6 /* EventTable.java in Sources */,
				ACAE1FAF25A14AC300606EB6 /* LuaThread.java in Sources */,
				ACAE1FC525A14AC300606EB6 /* Container.java in Sources */,
				ACF3379F25A3F24E00248C5B /* FilePickerConfiguration.swift in Sources */,
				ACAE1FC725A14AC300606EB6 /* Engine.java in Sources */,
				ACAE1FB425A14AC300606EB6 /* CoroutineLib.java in Sources */,
				AC2410AC25A3BBAE006CD5F0 /* UITableViewExtensions.swift in Sources */,
				ACAE1FAD25A14AC300606EB6 /* LuaTable.java in Sources */,
				AC24109525A3BA5E006CD5F0 /* UIResponderExtensions.swift in Sources */,
				ACAE1FC425A14AC300606EB6 /* Serializable.java in Sources */,
				AC2410A625A3BB46006CD5F0 /* UIStoryboardExtensions.swift in Sources */,
				ACAE1FCD25A14AC300606EB6 /* BackgroundRunner.java in Sources */,
				ACAE1FCC25A14AC300606EB6 /* Zone.java in Sources */,
				ACAE1FB125A14AC300606EB6 /* LuaClosure.java in Sources */,
				ACAE1F6F25A14AB900606EB6 /* TypeAlias.swift in Sources */,
				AC2410A925A3BB7E006CD5F0 /* UIApplicationExtensions.swift in Sources */,
				ACAE1FCA25A14AC300606EB6 /* Task.java in Sources */,
				ACEEB31425A51B30007AC2BA /* CartridgeService.swift in Sources */,
				AC24109B25A3BAA1006CD5F0 /* UIViewExtensions.swift in Sources */,
				ACAE1FAE25A14AC300606EB6 /* UpValue.java in Sources */,
				ACAE1FC125A14AC300606EB6 /* FileHandle.java in Sources */,
				AC74CB2025BD130900BA5877 /* UIImageViewExtensions.swift in Sources */,
				ACFF07B625A13A2D005F5499 /* AppDelegate.swift in Sources */,
			);
			runOnlyForDeploymentPostprocessing = 0;
		};
/* End PBXSourcesBuildPhase section */

/* Begin PBXVariantGroup section */
		ACFF07BB25A13A2D005F5499 /* CartridgePicker.storyboard */ = {
			isa = PBXVariantGroup;
			children = (
				ACFF07BC25A13A2D005F5499 /* Base */,
			);
			name = CartridgePicker.storyboard;
			sourceTree = "<group>";
		};
		ACFF07C025A13A2E005F5499 /* LaunchScreen.storyboard */ = {
			isa = PBXVariantGroup;
			children = (
				ACFF07C125A13A2E005F5499 /* Base */,
			);
			name = LaunchScreen.storyboard;
			sourceTree = "<group>";
		};
/* End PBXVariantGroup section */

/* Begin XCBuildConfiguration section */
		ACFF07C425A13A2E005F5499 /* Debug */ = {
			isa = XCBuildConfiguration;
			buildSettings = {
				ALWAYS_SEARCH_USER_PATHS = NO;
				CLANG_ANALYZER_NONNULL = YES;
				CLANG_ANALYZER_NUMBER_OBJECT_CONVERSION = YES_AGGRESSIVE;
				CLANG_CXX_LANGUAGE_STANDARD = "gnu++14";
				CLANG_CXX_LIBRARY = "libc++";
				CLANG_ENABLE_MODULES = YES;
				CLANG_ENABLE_OBJC_ARC = YES;
				CLANG_ENABLE_OBJC_WEAK = YES;
				CLANG_WARN_BLOCK_CAPTURE_AUTORELEASING = YES;
				CLANG_WARN_BOOL_CONVERSION = YES;
				CLANG_WARN_COMMA = YES;
				CLANG_WARN_CONSTANT_CONVERSION = YES;
				CLANG_WARN_DEPRECATED_OBJC_IMPLEMENTATIONS = YES;
				CLANG_WARN_DIRECT_OBJC_ISA_USAGE = YES_ERROR;
				CLANG_WARN_DOCUMENTATION_COMMENTS = YES;
				CLANG_WARN_EMPTY_BODY = YES;
				CLANG_WARN_ENUM_CONVERSION = YES;
				CLANG_WARN_INFINITE_RECURSION = YES;
				CLANG_WARN_INT_CONVERSION = YES;
				CLANG_WARN_NON_LITERAL_NULL_CONVERSION = YES;
				CLANG_WARN_OBJC_IMPLICIT_RETAIN_SELF = YES;
				CLANG_WARN_OBJC_LITERAL_CONVERSION = YES;
				CLANG_WARN_OBJC_ROOT_CLASS = YES_ERROR;
				CLANG_WARN_QUOTED_INCLUDE_IN_FRAMEWORK_HEADER = YES;
				CLANG_WARN_RANGE_LOOP_ANALYSIS = YES;
				CLANG_WARN_STRICT_PROTOTYPES = YES;
				CLANG_WARN_SUSPICIOUS_MOVE = YES;
				CLANG_WARN_UNGUARDED_AVAILABILITY = YES_AGGRESSIVE;
				CLANG_WARN_UNREACHABLE_CODE = YES;
				CLANG_WARN__DUPLICATE_METHOD_MATCH = YES;
				COPY_PHASE_STRIP = NO;
				DEBUG_INFORMATION_FORMAT = dwarf;
				ENABLE_STRICT_OBJC_MSGSEND = YES;
				ENABLE_TESTABILITY = YES;
				GCC_C_LANGUAGE_STANDARD = gnu11;
				GCC_DYNAMIC_NO_PIC = NO;
				GCC_NO_COMMON_BLOCKS = YES;
				GCC_OPTIMIZATION_LEVEL = 0;
				GCC_PREPROCESSOR_DEFINITIONS = (
					"DEBUG=1",
					"$(inherited)",
				);
				GCC_WARN_64_TO_32_BIT_CONVERSION = YES;
				GCC_WARN_ABOUT_RETURN_TYPE = YES_ERROR;
				GCC_WARN_UNDECLARED_SELECTOR = YES;
				GCC_WARN_UNINITIALIZED_AUTOS = YES_AGGRESSIVE;
				GCC_WARN_UNUSED_FUNCTION = YES;
				GCC_WARN_UNUSED_VARIABLE = YES;
				IPHONEOS_DEPLOYMENT_TARGET = 12.0;
				MTL_ENABLE_DEBUG_INFO = INCLUDE_SOURCE;
				MTL_FAST_MATH = YES;
				ONLY_ACTIVE_ARCH = YES;
				SDKROOT = iphoneos;
				SWIFT_ACTIVE_COMPILATION_CONDITIONS = DEBUG;
				SWIFT_OPTIMIZATION_LEVEL = "-Onone";
			};
			name = Debug;
		};
		ACFF07C525A13A2E005F5499 /* Release */ = {
			isa = XCBuildConfiguration;
			buildSettings = {
				ALWAYS_SEARCH_USER_PATHS = NO;
				CLANG_ANALYZER_NONNULL = YES;
				CLANG_ANALYZER_NUMBER_OBJECT_CONVERSION = YES_AGGRESSIVE;
				CLANG_CXX_LANGUAGE_STANDARD = "gnu++14";
				CLANG_CXX_LIBRARY = "libc++";
				CLANG_ENABLE_MODULES = YES;
				CLANG_ENABLE_OBJC_ARC = YES;
				CLANG_ENABLE_OBJC_WEAK = YES;
				CLANG_WARN_BLOCK_CAPTURE_AUTORELEASING = YES;
				CLANG_WARN_BOOL_CONVERSION = YES;
				CLANG_WARN_COMMA = YES;
				CLANG_WARN_CONSTANT_CONVERSION = YES;
				CLANG_WARN_DEPRECATED_OBJC_IMPLEMENTATIONS = YES;
				CLANG_WARN_DIRECT_OBJC_ISA_USAGE = YES_ERROR;
				CLANG_WARN_DOCUMENTATION_COMMENTS = YES;
				CLANG_WARN_EMPTY_BODY = YES;
				CLANG_WARN_ENUM_CONVERSION = YES;
				CLANG_WARN_INFINITE_RECURSION = YES;
				CLANG_WARN_INT_CONVERSION = YES;
				CLANG_WARN_NON_LITERAL_NULL_CONVERSION = YES;
				CLANG_WARN_OBJC_IMPLICIT_RETAIN_SELF = YES;
				CLANG_WARN_OBJC_LITERAL_CONVERSION = YES;
				CLANG_WARN_OBJC_ROOT_CLASS = YES_ERROR;
				CLANG_WARN_QUOTED_INCLUDE_IN_FRAMEWORK_HEADER = YES;
				CLANG_WARN_RANGE_LOOP_ANALYSIS = YES;
				CLANG_WARN_STRICT_PROTOTYPES = YES;
				CLANG_WARN_SUSPICIOUS_MOVE = YES;
				CLANG_WARN_UNGUARDED_AVAILABILITY = YES_AGGRESSIVE;
				CLANG_WARN_UNREACHABLE_CODE = YES;
				CLANG_WARN__DUPLICATE_METHOD_MATCH = YES;
				COPY_PHASE_STRIP = NO;
				DEBUG_INFORMATION_FORMAT = "dwarf-with-dsym";
				ENABLE_NS_ASSERTIONS = NO;
				ENABLE_STRICT_OBJC_MSGSEND = YES;
				GCC_C_LANGUAGE_STANDARD = gnu11;
				GCC_NO_COMMON_BLOCKS = YES;
				GCC_WARN_64_TO_32_BIT_CONVERSION = YES;
				GCC_WARN_ABOUT_RETURN_TYPE = YES_ERROR;
				GCC_WARN_UNDECLARED_SELECTOR = YES;
				GCC_WARN_UNINITIALIZED_AUTOS = YES_AGGRESSIVE;
				GCC_WARN_UNUSED_FUNCTION = YES;
				GCC_WARN_UNUSED_VARIABLE = YES;
				IPHONEOS_DEPLOYMENT_TARGET = 12.0;
				MTL_ENABLE_DEBUG_INFO = NO;
				MTL_FAST_MATH = YES;
				SDKROOT = iphoneos;
				SWIFT_COMPILATION_MODE = wholemodule;
				SWIFT_OPTIMIZATION_LEVEL = "-O";
				VALIDATE_PRODUCT = YES;
			};
			name = Release;
		};
		ACFF07C725A13A2E005F5499 /* Debug */ = {
			isa = XCBuildConfiguration;
			buildSettings = {
				ASSETCATALOG_COMPILER_APPICON_NAME = AppIcon;
				CLANG_ENABLE_MODULES = YES;
				CLANG_WARN_DOCUMENTATION_COMMENTS = NO;
				CODE_SIGN_STYLE = Automatic;
				CURRENT_PROJECT_VERSION = 1;
				DEVELOPMENT_TEAM = UW8QF9DSWQ;
				FRAMEWORK_SEARCH_PATHS = "${J2OBJC_HOME}/frameworks";
				INFOPLIST_FILE = WherigoPlayer/SupportingFiles/Info.plist;
				J2OBJC_HOME = "../j2objc/j2objc-2.7";
				LD_RUNPATH_SEARCH_PATHS = (
					"$(inherited)",
					"@executable_path/Frameworks",
				);
				LIBRARY_SEARCH_PATHS = "${J2OBJC_HOME}/lib";
				MARKETING_VERSION = 1.0;
				OTHER_LDFLAGS = (
					"-ljre_emul",
					"-ljre_util",
					"-liconv",
				);
				PRODUCT_BUNDLE_IDENTIFIER = com.balazs630.WherigoPlayer;
				PRODUCT_NAME = "$(TARGET_NAME)";
				SWIFT_OBJC_BRIDGING_HEADER = "WherigoPlayer/SupportingFiles/WherigoPlayer-Bridging-Header.h";
				SWIFT_OPTIMIZATION_LEVEL = "-Onone";
				SWIFT_VERSION = 5.0;
				TARGETED_DEVICE_FAMILY = "1,2";
				USER_HEADER_SEARCH_PATHS = "${J2OBJC_HOME}/include";
				VERSIONING_SYSTEM = "apple-generic";
			};
			name = Debug;
		};
		ACFF07C825A13A2E005F5499 /* Release */ = {
			isa = XCBuildConfiguration;
			buildSettings = {
				ASSETCATALOG_COMPILER_APPICON_NAME = AppIcon;
				CLANG_ENABLE_MODULES = YES;
				CLANG_WARN_DOCUMENTATION_COMMENTS = NO;
				CODE_SIGN_STYLE = Automatic;
				CURRENT_PROJECT_VERSION = 1;
				DEVELOPMENT_TEAM = UW8QF9DSWQ;
				FRAMEWORK_SEARCH_PATHS = "${J2OBJC_HOME}/frameworks";
				INFOPLIST_FILE = WherigoPlayer/SupportingFiles/Info.plist;
				J2OBJC_HOME = "../j2objc/j2objc-2.7";
				LD_RUNPATH_SEARCH_PATHS = (
					"$(inherited)",
					"@executable_path/Frameworks",
				);
				LIBRARY_SEARCH_PATHS = "${J2OBJC_HOME}/lib";
				MARKETING_VERSION = 1.0;
				OTHER_LDFLAGS = (
					"-ljre_emul",
					"-ljre_util",
					"-liconv",
				);
				PRODUCT_BUNDLE_IDENTIFIER = com.balazs630.WherigoPlayer;
				PRODUCT_NAME = "$(TARGET_NAME)";
				SWIFT_OBJC_BRIDGING_HEADER = "WherigoPlayer/SupportingFiles/WherigoPlayer-Bridging-Header.h";
				SWIFT_VERSION = 5.0;
				TARGETED_DEVICE_FAMILY = "1,2";
				USER_HEADER_SEARCH_PATHS = "${J2OBJC_HOME}/include";
				VERSIONING_SYSTEM = "apple-generic";
			};
			name = Release;
		};
/* End XCBuildConfiguration section */

/* Begin XCConfigurationList section */
		ACFF07AD25A13A2D005F5499 /* Build configuration list for PBXProject "WherigoPlayer" */ = {
			isa = XCConfigurationList;
			buildConfigurations = (
				ACFF07C425A13A2E005F5499 /* Debug */,
				ACFF07C525A13A2E005F5499 /* Release */,
			);
			defaultConfigurationIsVisible = 0;
			defaultConfigurationName = Release;
		};
		ACFF07C625A13A2E005F5499 /* Build configuration list for PBXNativeTarget "WherigoPlayer" */ = {
			isa = XCConfigurationList;
			buildConfigurations = (
				ACFF07C725A13A2E005F5499 /* Debug */,
				ACFF07C825A13A2E005F5499 /* Release */,
			);
			defaultConfigurationIsVisible = 0;
			defaultConfigurationName = Release;
		};
/* End XCConfigurationList section */
	};
	rootObject = ACFF07AA25A13A2D005F5499 /* Project object */;
}
